Microsoft Visual Studio Solution File, Format Version 11.00
# Visual Studio 2008

Project("{7E74F2D5-FCB1-9998-0E64-ECF54D543701}") = "BattleCard", "Assembly-CSharp-firstpass-vs.csproj", "{1E08B55F-251F-E1BE-82C1-B0D72DE8BE9D}"
EndProject
Project("{7E74F2D5-FCB1-9998-0E64-ECF54D543701}") = "BattleCard", "Assembly-CSharp-vs.csproj", "{CD53F41D-01D8-4F83-C07E-BE7FA8AA0994}"
EndProject
Project("{7E74F2D5-FCB1-9998-0E64-ECF54D543701}") = "BattleCard", "Assembly-CSharp-Editor-firstpass-vs.csproj", "{7340476B-E004-09C3-07FC-FE9B5C6146B1}"
EndProject
Project("{7E74F2D5-FCB1-9998-0E64-ECF54D543701}") = "BattleCard", "Assembly-CSharp-Editor-vs.csproj", "{05EC0D92-2EB3-DEC2-7F35-7027B67D37B7}"
EndProject
Global
	GlobalSection(SolutionConfigurationPlatforms) = preSolution
		Debug|Any CPU = Debug|Any CPU
		Release|Any CPU = Release|Any CPU
	EndGlobalSection
	GlobalSection(ProjectConfigurationPlatforms) = postSolution
		{1E08B55F-251F-E1BE-82C1-B0D72DE8BE9D}.Debug|Any CPU.ActiveCfg = Debug|Any CPU
		{1E08B55F-251F-E1BE-82C1-B0D72DE8BE9D}.Debug|Any CPU.Build.0 = Debug|Any CPU
		{1E08B55F-251F-E1BE-82C1-B0D72DE8BE9D}.Release|Any CPU.ActiveCfg = Release|Any CPU
		{1E08B55F-251F-E1BE-82C1-B0D72DE8BE9D}.Release|Any CPU.Build.0 = Release|Any CPU
		{CD53F41D-01D8-4F83-C07E-BE7FA8AA0994}.Debug|Any CPU.ActiveCfg = Debug|Any CPU
		{CD53F41D-01D8-4F83-C07E-BE7FA8AA0994}.Debug|Any CPU.Build.0 = Debug|Any CPU
		{CD53F41D-01D8-4F83-C07E-BE7FA8AA0994}.Release|Any CPU.ActiveCfg = Release|Any CPU
		{CD53F41D-01D8-4F83-C07E-BE7FA8AA0994}.Release|Any CPU.Build.0 = Release|Any CPU
		{7340476B-E004-09C3-07FC-FE9B5C6146B1}.Debug|Any CPU.ActiveCfg = Debug|Any CPU
		{7340476B-E004-09C3-07FC-FE9B5C6146B1}.Debug|Any CPU.Build.0 = Debug|Any CPU
		{7340476B-E004-09C3-07FC-FE9B5C6146B1}.Release|Any CPU.ActiveCfg = Release|Any CPU
		{7340476B-E004-09C3-07FC-FE9B5C6146B1}.Release|Any CPU.Build.0 = Release|Any CPU
		{05EC0D92-2EB3-DEC2-7F35-7027B67D37B7}.Debug|Any CPU.ActiveCfg = Debug|Any CPU
		{05EC0D92-2EB3-DEC2-7F35-7027B67D37B7}.Debug|Any CPU.Build.0 = Debug|Any CPU
		{05EC0D92-2EB3-DEC2-7F35-7027B67D37B7}.Release|Any CPU.ActiveCfg = Release|Any CPU
		{05EC0D92-2EB3-DEC2-7F35-7027B67D37B7}.Release|Any CPU.Build.0 = Release|Any CPU
	EndGlobalSection
	GlobalSection(SolutionProperties) = preSolution
		HideSolutionNode = FALSE
	EndGlobalSection
																																																																																																																																																																																																																																																																																																																																																																																																																																																																																																																																																																																																																																																																																																																																																																																																																															GlobalSection(MonoDevelopProperties) = preSolution
		StartupItem = Assembly-CSharp.csproj
		Policies = $0
		$0.TextStylePolicy = $1
		$1.inheritsSet = null
		$1.scope = text/x-csharp
		$0.CSharpFormattingPolicy = $2
		$2.inheritsSet = Mono
		$2.inheritsScope = text/x-csharp
		$2.scope = text/x-csharp
		$0.TextStylePolicy = $3
		$3.FileWidth = 120
		$3.TabWidth = 4
		$3.EolMarker = Unix
		$3.inheritsSet = Mono
		$3.inheritsScope = text/plain
		$3.scope = text/plain
	EndGlobalSection

EndGlobal
